
Microsoft Visual Studio Solution File, Format Version 12.00
# Visual Studio Version 17
VisualStudioVersion = 17.10.34916.146
MinimumVisualStudioVersion = 10.0.40219.1
Project("{FAE04EC0-301F-11D3-BF4B-00C04F79EFBC}") = "LumberjackEatsFlapjack", "LumberjackEatsFlapjack\LumberjackEatsFlapjack.csproj", "{80886FEE-0E02-434E-9ADC-89FE84B5322D}"
EndProject
Global
	GlobalSection(SolutionConfigurationPlatforms) = preSolution
		Debug|Any CPU = Debug|Any CPU
		Release|Any CPU = Release|Any CPU
	EndGlobalSection
	GlobalSection(ProjectConfigurationPlatforms) = postSolution
		{80886FEE-0E02-434E-9ADC-89FE84B5322D}.Debug|Any CPU.ActiveCfg = Debug|Any CPU
		{80886FEE-0E02-434E-9ADC-89FE84B5322D}.Debug|Any CPU.Build.0 = Debug|Any CPU
		{80886FEE-0E02-434E-9ADC-89FE84B5322D}.Release|Any CPU.ActiveCfg = Release|Any CPU
		{80886FEE-0E02-434E-9ADC-89FE84B5322D}.Release|Any CPU.Build.0 = Release|Any CPU
	EndGlobalSection
	GlobalSection(SolutionProperties) = preSolution
		HideSolutionNode = FALSE
	EndGlobalSection
	GlobalSection(ExtensibilityGlobals) = postSolution
		SolutionGuid = {551334EC-59A4-4B7D-A853-4F5CE0D57111}
	EndGlobalSection
EndGlobal
